
Microsoft Visual Studio Solution File, Format Version 12.00
# Visual Studio Version 17
VisualStudioVersion = 17.14.36811.4
MinimumVisualStudioVersion = 10.0.40219.1
Project("{2150E333-8FDC-42A3-9474-1A3956D46DE8}") = "src", "src", "{02EA681E-C7D8-13C7-8484-4AC65E1B71E8}"
EndProject
Project("{2150E333-8FDC-42A3-9474-1A3956D46DE8}") = "MiAlma.API", "MiAlma.API", "{B82F752E-ACEF-4A98-8FF7-B9869CE93766}"
EndProject
Project("{2150E333-8FDC-42A3-9474-1A3956D46DE8}") = "MiAlma.Domain", "MiAlma.Domain", "{162D3000-1044-4389-B34B-56F0CEE19871}"
EndProject
Project("{2150E333-8FDC-42A3-9474-1A3956D46DE8}") = "MiAlma.Application", "MiAlma.Application", "{143866E6-20B8-4805-85D6-1010FEFE5919}"
EndProject
Project("{2150E333-8FDC-42A3-9474-1A3956D46DE8}") = "MiAlma.Infrastructure", "MiAlma.Infrastructure", "{3DEF6B50-8720-44BB-BC15-981B850C7939}"
EndProject
Project("{FAE04EC0-301F-11D3-BF4B-00C04F79EFBC}") = "MiAlma.Api", "src\MiAlma.Api\MiAlma.Api.csproj", "{94A4033D-900B-4A14-8E4D-AA67A6DED64F}"
EndProject
Project("{FAE04EC0-301F-11D3-BF4B-00C04F79EFBC}") = "MiAlma.Application", "src\MiAlma.Application\MiAlma.Application.csproj", "{76A7F8FC-02AF-48A2-87A8-F173F52B3407}"
EndProject
Project("{FAE04EC0-301F-11D3-BF4B-00C04F79EFBC}") = "MiAlma.Domain", "src\MiAlma.Domain\MiAlma.Domain.csproj", "{EE197D42-F800-4BE9-B091-E97DF2A9C44B}"
EndProject
Project("{FAE04EC0-301F-11D3-BF4B-00C04F79EFBC}") = "MiAlma.Infrastructure", "src\MiAlma.Infrastructure\MiAlma.Infrastructure.csproj", "{DD186459-C59F-4985-859B-7AB95D33263F}"
EndProject
Project("{FAE04EC0-301F-11D3-BF4B-00C04F79EFBC}") = "MiAlma.Tests", "src\MiAlma.Tests\MiAlma.Tests.csproj", "{2F982635-2B8A-42D1-BAA6-8E708AB7ED28}"
EndProject
Global
	GlobalSection(SolutionConfigurationPlatforms) = preSolution
		Debug|Any CPU = Debug|Any CPU
		Debug|x64 = Debug|x64
		Debug|x86 = Debug|x86
		Release|Any CPU = Release|Any CPU
		Release|x64 = Release|x64
		Release|x86 = Release|x86
	EndGlobalSection
	GlobalSection(ProjectConfigurationPlatforms) = postSolution
		{94A4033D-900B-4A14-8E4D-AA67A6DED64F}.Debug|Any CPU.ActiveCfg = Debug|Any CPU
		{94A4033D-900B-4A14-8E4D-AA67A6DED64F}.Debug|Any CPU.Build.0 = Debug|Any CPU
		{94A4033D-900B-4A14-8E4D-AA67A6DED64F}.Debug|x64.ActiveCfg = Debug|Any CPU
		{94A4033D-900B-4A14-8E4D-AA67A6DED64F}.Debug|x64.Build.0 = Debug|Any CPU
		{94A4033D-900B-4A14-8E4D-AA67A6DED64F}.Debug|x86.ActiveCfg = Debug|Any CPU
		{94A4033D-900B-4A14-8E4D-AA67A6DED64F}.Debug|x86.Build.0 = Debug|Any CPU
		{94A4033D-900B-4A14-8E4D-AA67A6DED64F}.Release|Any CPU.ActiveCfg = Release|Any CPU
		{94A4033D-900B-4A14-8E4D-AA67A6DED64F}.Release|Any CPU.Build.0 = Release|Any CPU
		{94A4033D-900B-4A14-8E4D-AA67A6DED64F}.Release|x64.ActiveCfg = Release|Any CPU
		{94A4033D-900B-4A14-8E4D-AA67A6DED64F}.Release|x64.Build.0 = Release|Any CPU
		{94A4033D-900B-4A14-8E4D-AA67A6DED64F}.Release|x86.ActiveCfg = Release|Any CPU
		{94A4033D-900B-4A14-8E4D-AA67A6DED64F}.Release|x86.Build.0 = Release|Any CPU
		{76A7F8FC-02AF-48A2-87A8-F173F52B3407}.Debug|Any CPU.ActiveCfg = Debug|Any CPU
		{76A7F8FC-02AF-48A2-87A8-F173F52B3407}.Debug|Any CPU.Build.0 = Debug|Any CPU
		{76A7F8FC-02AF-48A2-87A8-F173F52B3407}.Debug|x64.ActiveCfg = Debug|Any CPU
		{76A7F8FC-02AF-48A2-87A8-F173F52B3407}.Debug|x64.Build.0 = Debug|Any CPU
		{76A7F8FC-02AF-48A2-87A8-F173F52B3407}.Debug|x86.ActiveCfg = Debug|Any CPU
		{76A7F8FC-02AF-48A2-87A8-F173F52B3407}.Debug|x86.Build.0 = Debug|Any CPU
		{76A7F8FC-02AF-48A2-87A8-F173F52B3407}.Release|Any CPU.ActiveCfg = Release|Any CPU
		{76A7F8FC-02AF-48A2-87A8-F173F52B3407}.Release|Any CPU.Build.0 = Release|Any CPU
		{76A7F8FC-02AF-48A2-87A8-F173F52B3407}.Release|x64.ActiveCfg = Release|Any CPU
		{76A7F8FC-02AF-48A2-87A8-F173F52B3407}.Release|x64.Build.0 = Release|Any CPU
		{76A7F8FC-02AF-48A2-87A8-F173F52B3407}.Release|x86.ActiveCfg = Release|Any CPU
		{76A7F8FC-02AF-48A2-87A8-F173F52B3407}.Release|x86.Build.0 = Release|Any CPU
		{EE197D42-F800-4BE9-B091-E97DF2A9C44B}.Debug|Any CPU.ActiveCfg = Debug|Any CPU
		{EE197D42-F800-4BE9-B091-E97DF2A9C44B}.Debug|Any CPU.Build.0 = Debug|Any CPU
		{EE197D42-F800-4BE9-B091-E97DF2A9C44B}.Debug|x64.ActiveCfg = Debug|Any CPU
		{EE197D42-F800-4BE9-B091-E97DF2A9C44B}.Debug|x64.Build.0 = Debug|Any CPU
		{EE197D42-F800-4BE9-B091-E97DF2A9C44B}.Debug|x86.ActiveCfg = Debug|Any CPU
		{EE197D42-F800-4BE9-B091-E97DF2A9C44B}.Debug|x86.Build.0 = Debug|Any CPU
		{EE197D42-F800-4BE9-B091-E97DF2A9C44B}.Release|Any CPU.ActiveCfg = Release|Any CPU
		{EE197D42-F800-4BE9-B091-E97DF2A9C44B}.Release|Any CPU.Build.0 = Release|Any CPU
		{EE197D42-F800-4BE9-B091-E97DF2A9C44B}.Release|x64.ActiveCfg = Release|Any CPU
		{EE197D42-F800-4BE9-B091-E97DF2A9C44B}.Release|x64.Build.0 = Release|Any CPU
		{EE197D42-F800-4BE9-B091-E97DF2A9C44B}.Release|x86.ActiveCfg = Release|Any CPU
		{EE197D42-F800-4BE9-B091-E97DF2A9C44B}.Release|x86.Build.0 = Release|Any CPU
		{DD186459-C59F-4985-859B-7AB95D33263F}.Debug|Any CPU.ActiveCfg = Debug|Any CPU
		{DD186459-C59F-4985-859B-7AB95D33263F}.Debug|Any CPU.Build.0 = Debug|Any CPU
		{DD186459-C59F-4985-859B-7AB95D33263F}.Debug|x64.ActiveCfg = Debug|Any CPU
		{DD186459-C59F-4985-859B-7AB95D33263F}.Debug|x64.Build.0 = Debug|Any CPU
		{DD186459-C59F-4985-859B-7AB95D33263F}.Debug|x86.ActiveCfg = Debug|Any CPU
		{DD186459-C59F-4985-859B-7AB95D33263F}.Debug|x86.Build.0 = Debug|Any CPU
		{DD186459-C59F-4985-859B-7AB95D33263F}.Release|Any CPU.ActiveCfg = Release|Any CPU
		{DD186459-C59F-4985-859B-7AB95D33263F}.Release|Any CPU.Build.0 = Release|Any CPU
		{DD186459-C59F-4985-859B-7AB95D33263F}.Release|x64.ActiveCfg = Release|Any CPU
		{DD186459-C59F-4985-859B-7AB95D33263F}.Release|x64.Build.0 = Release|Any CPU
		{DD186459-C59F-4985-859B-7AB95D33263F}.Release|x86.ActiveCfg = Release|Any CPU
		{DD186459-C59F-4985-859B-7AB95D33263F}.Release|x86.Build.0 = Release|Any CPU
		{2F982635-2B8A-42D1-BAA6-8E708AB7ED28}.Debug|Any CPU.ActiveCfg = Debug|Any CPU
		{2F982635-2B8A-42D1-BAA6-8E708AB7ED28}.Debug|Any CPU.Build.0 = Debug|Any CPU
		{2F982635-2B8A-42D1-BAA6-8E708AB7ED28}.Debug|x64.ActiveCfg = Debug|Any CPU
		{2F982635-2B8A-42D1-BAA6-8E708AB7ED28}.Debug|x64.Build.0 = Debug|Any CPU
		{2F982635-2B8A-42D1-BAA6-8E708AB7ED28}.Debug|x86.ActiveCfg = Debug|Any CPU
		{2F982635-2B8A-42D1-BAA6-8E708AB7ED28}.Debug|x86.Build.0 = Debug|Any CPU
		{2F982635-2B8A-42D1-BAA6-8E708AB7ED28}.Release|Any CPU.ActiveCfg = Release|Any CPU
		{2F982635-2B8A-42D1-BAA6-8E708AB7ED28}.Release|Any CPU.Build.0 = Release|Any CPU
		{2F982635-2B8A-42D1-BAA6-8E708AB7ED28}.Release|x64.ActiveCfg = Release|Any CPU
		{2F982635-2B8A-42D1-BAA6-8E708AB7ED28}.Release|x64.Build.0 = Release|Any CPU
		{2F982635-2B8A-42D1-BAA6-8E708AB7ED28}.Release|x86.ActiveCfg = Release|Any CPU
		{2F982635-2B8A-42D1-BAA6-8E708AB7ED28}.Release|x86.Build.0 = Release|Any CPU
	EndGlobalSection
	GlobalSection(SolutionProperties) = preSolution
		HideSolutionNode = FALSE
	EndGlobalSection
	GlobalSection(NestedProjects) = preSolution
		{B82F752E-ACEF-4A98-8FF7-B9869CE93766} = {02EA681E-C7D8-13C7-8484-4AC65E1B71E8}
		{162D3000-1044-4389-B34B-56F0CEE19871} = {02EA681E-C7D8-13C7-8484-4AC65E1B71E8}
		{143866E6-20B8-4805-85D6-1010FEFE5919} = {02EA681E-C7D8-13C7-8484-4AC65E1B71E8}
		{3DEF6B50-8720-44BB-BC15-981B850C7939} = {02EA681E-C7D8-13C7-8484-4AC65E1B71E8}
		{94A4033D-900B-4A14-8E4D-AA67A6DED64F} = {B82F752E-ACEF-4A98-8FF7-B9869CE93766}
		{76A7F8FC-02AF-48A2-87A8-F173F52B3407} = {143866E6-20B8-4805-85D6-1010FEFE5919}
		{EE197D42-F800-4BE9-B091-E97DF2A9C44B} = {162D3000-1044-4389-B34B-56F0CEE19871}
		{DD186459-C59F-4985-859B-7AB95D33263F} = {3DEF6B50-8720-44BB-BC15-981B850C7939}
		{2F982635-2B8A-42D1-BAA6-8E708AB7ED28} = {02EA681E-C7D8-13C7-8484-4AC65E1B71E8}
	EndGlobalSection
	GlobalSection(ExtensibilityGlobals) = postSolution
		SolutionGuid = {4AC33F03-A1E4-44DA-BB19-14C820F2FDA1}
	EndGlobalSection
EndGlobal
